
Microsoft Visual Studio Solution File, Format Version 12.00
# Visual Studio Version 16
VisualStudioVersion = 16.0.31727.386
MinimumVisualStudioVersion = 10.0.40219.1
Project("{9A19103F-16F7-4668-BE54-9A1E7A4F7556}") = "GCWG06_HFT_2021221.Client", "GCWG06_HFT_2021221.Client\GCWG06_HFT_2021221.Client.csproj", "{BA7A341F-199D-4FAA-985E-9A1EFC1D1224}"
EndProject
Project("{9A19103F-16F7-4668-BE54-9A1E7A4F7556}") = "GCWG06_HFT_2021221.Models", "GCWG06_HFT_2021221.Models\GCWG06_HFT_2021221.Models.csproj", "{B5E385DB-65F5-4F86-82BA-1D66740DD7C0}"
EndProject
Project("{9A19103F-16F7-4668-BE54-9A1E7A4F7556}") = "GCWG06_HFT_2021221.Data", "GCWG06_HFT_2021221.Data\GCWG06_HFT_2021221.Data.csproj", "{A03C9363-24FA-4DBF-A7A2-920DE552D210}"
EndProject
Project("{9A19103F-16F7-4668-BE54-9A1E7A4F7556}") = "GCWG06_HFT_2021221.Logic", "GCWG06_HFT_2021221.Logic\GCWG06_HFT_2021221.Logic.csproj", "{89A44846-4CD6-463D-98E9-5023604F4BCA}"
EndProject
Project("{9A19103F-16F7-4668-BE54-9A1E7A4F7556}") = "GCWG06_HFT_2021221.Repository", "GCWG06_HFT_2021221.Repository\GCWG06_HFT_2021221.Repository.csproj", "{CE73BDDB-892F-4865-B58D-147CD471D6F2}"
EndProject
Project("{9A19103F-16F7-4668-BE54-9A1E7A4F7556}") = "GCWG06_HFT_2021221.Test", "GCWG06_HFT_2021221.Test\GCWG06_HFT_2021221.Test.csproj", "{A9D97AEA-F064-4537-ABD7-ABC3FC212F85}"
EndProject
Project("{9A19103F-16F7-4668-BE54-9A1E7A4F7556}") = "GCWG06_HFT_2021221.Endpoint", "GCWG06_HFT_2021221.Endpoint\GCWG06_HFT_2021221.Endpoint.csproj", "{ED9F147C-07EF-4203-9894-C64C21FE5FFA}"
EndProject
Project("{2150E333-8FDC-42A3-9474-1A3956D46DE8}") = "Backend", "Backend", "{DB104AA4-F579-4DF9-B4DA-A27AF6A7431B}"
EndProject
Project("{2150E333-8FDC-42A3-9474-1A3956D46DE8}") = "Frontend", "Frontend", "{0F6DCC5D-5116-4D4B-8913-19923734BFB2}"
EndProject
Project("{2150E333-8FDC-42A3-9474-1A3956D46DE8}") = "Shared", "Shared", "{3E8596A8-9383-4B03-AF44-7DDE915C8419}"
EndProject
Project("{2150E333-8FDC-42A3-9474-1A3956D46DE8}") = "Others", "Others", "{F629B6F0-4677-48AE-91C2-3E191545E42A}"
	ProjectSection(SolutionItems) = preProject
		.gitignore = .gitignore
	EndProjectSection
EndProject
Global
	GlobalSection(SolutionConfigurationPlatforms) = preSolution
		Debug|Any CPU = Debug|Any CPU
		Release|Any CPU = Release|Any CPU
	EndGlobalSection
	GlobalSection(ProjectConfigurationPlatforms) = postSolution
		{BA7A341F-199D-4FAA-985E-9A1EFC1D1224}.Debug|Any CPU.ActiveCfg = Debug|Any CPU
		{BA7A341F-199D-4FAA-985E-9A1EFC1D1224}.Debug|Any CPU.Build.0 = Debug|Any CPU
		{BA7A341F-199D-4FAA-985E-9A1EFC1D1224}.Release|Any CPU.ActiveCfg = Release|Any CPU
		{BA7A341F-199D-4FAA-985E-9A1EFC1D1224}.Release|Any CPU.Build.0 = Release|Any CPU
		{B5E385DB-65F5-4F86-82BA-1D66740DD7C0}.Debug|Any CPU.ActiveCfg = Debug|Any CPU
		{B5E385DB-65F5-4F86-82BA-1D66740DD7C0}.Debug|Any CPU.Build.0 = Debug|Any CPU
		{B5E385DB-65F5-4F86-82BA-1D66740DD7C0}.Release|Any CPU.ActiveCfg = Release|Any CPU
		{B5E385DB-65F5-4F86-82BA-1D66740DD7C0}.Release|Any CPU.Build.0 = Release|Any CPU
		{A03C9363-24FA-4DBF-A7A2-920DE552D210}.Debug|Any CPU.ActiveCfg = Debug|Any CPU
		{A03C9363-24FA-4DBF-A7A2-920DE552D210}.Debug|Any CPU.Build.0 = Debug|Any CPU
		{A03C9363-24FA-4DBF-A7A2-920DE552D210}.Release|Any CPU.ActiveCfg = Release|Any CPU
		{A03C9363-24FA-4DBF-A7A2-920DE552D210}.Release|Any CPU.Build.0 = Release|Any CPU
		{89A44846-4CD6-463D-98E9-5023604F4BCA}.Debug|Any CPU.ActiveCfg = Debug|Any CPU
		{89A44846-4CD6-463D-98E9-5023604F4BCA}.Debug|Any CPU.Build.0 = Debug|Any CPU
		{89A44846-4CD6-463D-98E9-5023604F4BCA}.Release|Any CPU.ActiveCfg = Release|Any CPU
		{89A44846-4CD6-463D-98E9-5023604F4BCA}.Release|Any CPU.Build.0 = Release|Any CPU
		{CE73BDDB-892F-4865-B58D-147CD471D6F2}.Debug|Any CPU.ActiveCfg = Debug|Any CPU
		{CE73BDDB-892F-4865-B58D-147CD471D6F2}.Debug|Any CPU.Build.0 = Debug|Any CPU
		{CE73BDDB-892F-4865-B58D-147CD471D6F2}.Release|Any CPU.ActiveCfg = Release|Any CPU
		{CE73BDDB-892F-4865-B58D-147CD471D6F2}.Release|Any CPU.Build.0 = Release|Any CPU
		{A9D97AEA-F064-4537-ABD7-ABC3FC212F85}.Debug|Any CPU.ActiveCfg = Debug|Any CPU
		{A9D97AEA-F064-4537-ABD7-ABC3FC212F85}.Debug|Any CPU.Build.0 = Debug|Any CPU
		{A9D97AEA-F064-4537-ABD7-ABC3FC212F85}.Release|Any CPU.ActiveCfg = Release|Any CPU
		{A9D97AEA-F064-4537-ABD7-ABC3FC212F85}.Release|Any CPU.Build.0 = Release|Any CPU
		{ED9F147C-07EF-4203-9894-C64C21FE5FFA}.Debug|Any CPU.ActiveCfg = Debug|Any CPU
		{ED9F147C-07EF-4203-9894-C64C21FE5FFA}.Debug|Any CPU.Build.0 = Debug|Any CPU
		{ED9F147C-07EF-4203-9894-C64C21FE5FFA}.Release|Any CPU.ActiveCfg = Release|Any CPU
		{ED9F147C-07EF-4203-9894-C64C21FE5FFA}.Release|Any CPU.Build.0 = Release|Any CPU
	EndGlobalSection
	GlobalSection(SolutionProperties) = preSolution
		HideSolutionNode = FALSE
	EndGlobalSection
	GlobalSection(NestedProjects) = preSolution
		{BA7A341F-199D-4FAA-985E-9A1EFC1D1224} = {0F6DCC5D-5116-4D4B-8913-19923734BFB2}
		{B5E385DB-65F5-4F86-82BA-1D66740DD7C0} = {3E8596A8-9383-4B03-AF44-7DDE915C8419}
		{A03C9363-24FA-4DBF-A7A2-920DE552D210} = {DB104AA4-F579-4DF9-B4DA-A27AF6A7431B}
		{89A44846-4CD6-463D-98E9-5023604F4BCA} = {DB104AA4-F579-4DF9-B4DA-A27AF6A7431B}
		{CE73BDDB-892F-4865-B58D-147CD471D6F2} = {DB104AA4-F579-4DF9-B4DA-A27AF6A7431B}
		{A9D97AEA-F064-4537-ABD7-ABC3FC212F85} = {DB104AA4-F579-4DF9-B4DA-A27AF6A7431B}
		{ED9F147C-07EF-4203-9894-C64C21FE5FFA} = {DB104AA4-F579-4DF9-B4DA-A27AF6A7431B}
	EndGlobalSection
	GlobalSection(ExtensibilityGlobals) = postSolution
		SolutionGuid = {1078E2CD-3A93-4E1E-B99C-D698A42A18FE}
	EndGlobalSection
EndGlobal
